
Microsoft Visual Studio Solution File, Format Version 12.00
# Visual Studio Version 16
VisualStudioVersion = 16.0.30128.74
MinimumVisualStudioVersion = 10.0.40219.1
Project("{FAE04EC0-301F-11D3-BF4B-00C04F79EFBC}") = "SharpView", "SharpView\SharpView.csproj", "{22A156EA-2623-45C7-8E50-E864D9FC44D3}"
EndProject
Global
	GlobalSection(SolutionConfigurationPlatforms) = preSolution
		Debug|Any CPU = Debug|Any CPU
		Debug|x64 = Debug|x64
		Release|Any CPU = Release|Any CPU
		Release|x64 = Release|x64
	EndGlobalSection
	GlobalSection(ProjectConfigurationPlatforms) = postSolution
		{22A156EA-2623-45C7-8E50-E864D9FC44D3}.Debug|Any CPU.ActiveCfg = Debug|Any CPU
		{22A156EA-2623-45C7-8E50-E864D9FC44D3}.Debug|Any CPU.Build.0 = Debug|Any CPU
		{22A156EA-2623-45C7-8E50-E864D9FC44D3}.Debug|x64.ActiveCfg = Debug|x64
		{22A156EA-2623-45C7-8E50-E864D9FC44D3}.Debug|x64.Build.0 = Debug|x64
		{22A156EA-2623-45C7-8E50-E864D9FC44D3}.Release|Any CPU.ActiveCfg = Release|Any CPU
		{22A156EA-2623-45C7-8E50-E864D9FC44D3}.Release|Any CPU.Build.0 = Release|Any CPU
		{22A156EA-2623-45C7-8E50-E864D9FC44D3}.Release|x64.ActiveCfg = Release|x64
		{22A156EA-2623-45C7-8E50-E864D9FC44D3}.Release|x64.Build.0 = Release|x64
	EndGlobalSection
	GlobalSection(SolutionProperties) = preSolution
		HideSolutionNode = FALSE
	EndGlobalSection
	GlobalSection(ExtensibilityGlobals) = postSolution
		SolutionGuid = {C89051C4-3526-4925-9CC3-9C7E9C2DD633}
	EndGlobalSection
EndGlobal
